
Microsoft Visual Studio Solution File, Format Version 12.00
# Visual Studio Version 17
VisualStudioVersion = 17.2.32616.157
MinimumVisualStudioVersion = 10.0.40219.1
Project("{FAE04EC0-301F-11D3-BF4B-00C04F79EFBC}") = "DataAccess", "DataAccess\DataAccess.csproj", "{B846B5E8-A8C6-4864-B817-9571EB22D5DE}"
EndProject
Project("{FAE04EC0-301F-11D3-BF4B-00C04F79EFBC}") = "BusinessObject", "BusinessObject\BusinessObject.csproj", "{22C90039-B822-48F8-8E58-04541EE31835}"
EndProject
Project("{FAE04EC0-301F-11D3-BF4B-00C04F79EFBC}") = "MyStoreWinApp", "MyStoreWinApp\MyStoreWinApp.csproj", "{BA8C3CBB-4912-40D7-B10C-7BCAAD010CED}"
EndProject
Global
	GlobalSection(SolutionConfigurationPlatforms) = preSolution
		Debug|Any CPU = Debug|Any CPU
		Release|Any CPU = Release|Any CPU
	EndGlobalSection
	GlobalSection(ProjectConfigurationPlatforms) = postSolution
		{B846B5E8-A8C6-4864-B817-9571EB22D5DE}.Debug|Any CPU.ActiveCfg = Debug|Any CPU
		{B846B5E8-A8C6-4864-B817-9571EB22D5DE}.Debug|Any CPU.Build.0 = Debug|Any CPU
		{B846B5E8-A8C6-4864-B817-9571EB22D5DE}.Release|Any CPU.ActiveCfg = Release|Any CPU
		{B846B5E8-A8C6-4864-B817-9571EB22D5DE}.Release|Any CPU.Build.0 = Release|Any CPU
		{22C90039-B822-48F8-8E58-04541EE31835}.Debug|Any CPU.ActiveCfg = Debug|Any CPU
		{22C90039-B822-48F8-8E58-04541EE31835}.Debug|Any CPU.Build.0 = Debug|Any CPU
		{22C90039-B822-48F8-8E58-04541EE31835}.Release|Any CPU.ActiveCfg = Release|Any CPU
		{22C90039-B822-48F8-8E58-04541EE31835}.Release|Any CPU.Build.0 = Release|Any CPU
		{BA8C3CBB-4912-40D7-B10C-7BCAAD010CED}.Debug|Any CPU.ActiveCfg = Debug|Any CPU
		{BA8C3CBB-4912-40D7-B10C-7BCAAD010CED}.Debug|Any CPU.Build.0 = Debug|Any CPU
		{BA8C3CBB-4912-40D7-B10C-7BCAAD010CED}.Release|Any CPU.ActiveCfg = Release|Any CPU
		{BA8C3CBB-4912-40D7-B10C-7BCAAD010CED}.Release|Any CPU.Build.0 = Release|Any CPU
	EndGlobalSection
	GlobalSection(SolutionProperties) = preSolution
		HideSolutionNode = FALSE
	EndGlobalSection
	GlobalSection(ExtensibilityGlobals) = postSolution
		SolutionGuid = {4EBA9B1D-CAA7-4625-9E98-BE5B4953DC8E}
	EndGlobalSection
EndGlobal
